// !$*UTF8*$!
{
	archiveVersion = 1;
	classes = {
	};
	objectVersion = 50;
	objects = {

/* Begin PBXBuildFile section */
		130262CC235B0B6400EAA314 /* AppDelegate.swift in Sources */ = {isa = PBXBuildFile; fileRef = 130262CB235B0B6400EAA314 /* AppDelegate.swift */; };
		130262CE235B0B6400EAA314 /* SceneDelegate.swift in Sources */ = {isa = PBXBuildFile; fileRef = 130262CD235B0B6400EAA314 /* SceneDelegate.swift */; };
		130262D3235B0B6400EAA314 /* Main.storyboard in Resources */ = {isa = PBXBuildFile; fileRef = 130262D1235B0B6400EAA314 /* Main.storyboard */; };
		130262D5235B0B6500EAA314 /* Assets.xcassets in Resources */ = {isa = PBXBuildFile; fileRef = 130262D4235B0B6500EAA314 /* Assets.xcassets */; };
		130262D8235B0B6500EAA314 /* LaunchScreen.storyboard in Resources */ = {isa = PBXBuildFile; fileRef = 130262D6235B0B6500EAA314 /* LaunchScreen.storyboard */; };
		130262E3235B0B6600EAA314 /* EnglishAppTests.swift in Sources */ = {isa = PBXBuildFile; fileRef = 130262E2235B0B6600EAA314 /* EnglishAppTests.swift */; };
		130262EE235B0B6600EAA314 /* EnglishAppUITests.swift in Sources */ = {isa = PBXBuildFile; fileRef = 130262ED235B0B6600EAA314 /* EnglishAppUITests.swift */; };
		130492FF236B554E00DDBF6D /* QuestionView.swift in Sources */ = {isa = PBXBuildFile; fileRef = 130492FE236B554E00DDBF6D /* QuestionView.swift */; };
		1313F74523697824002A72EC /* LabelUtil.swift in Sources */ = {isa = PBXBuildFile; fileRef = 1313F74323697824002A72EC /* LabelUtil.swift */; };
		1313F74623697824002A72EC /* ColorUtil.swift in Sources */ = {isa = PBXBuildFile; fileRef = 1313F74423697824002A72EC /* ColorUtil.swift */; };
		133CA1D62369477B005FCEB4 /* ApplicationController.swift in Sources */ = {isa = PBXBuildFile; fileRef = 133CA1D52369477B005FCEB4 /* ApplicationController.swift */; };
		133DBB9B238E477E002882A8 /* PopupView.swift in Sources */ = {isa = PBXBuildFile; fileRef = 133DBB9A238E477E002882A8 /* PopupView.swift */; };
		1353E74D235C17AE006E35C4 /* ARView.swift in Sources */ = {isa = PBXBuildFile; fileRef = 1353E74C235C17AE006E35C4 /* ARView.swift */; };
		1361FE53237671DA008DB243 /* SettingsViewController.swift in Sources */ = {isa = PBXBuildFile; fileRef = 1361FE52237671DA008DB243 /* SettingsViewController.swift */; };
		13D2E8B5236BF53C00D7D387 /* ResultView.swift in Sources */ = {isa = PBXBuildFile; fileRef = 13D2E8B4236BF53C00D7D387 /* ResultView.swift */; };
		13D2E8B9236D34F100D7D387 /* QuestionData.swift in Sources */ = {isa = PBXBuildFile; fileRef = 13D2E8B8236D34F100D7D387 /* QuestionData.swift */; };
		13D2E8BD236D59E800D7D387 /* ObjectDetectionModel.swift in Sources */ = {isa = PBXBuildFile; fileRef = 13D2E8BC236D59E800D7D387 /* ObjectDetectionModel.swift */; };
		6A4AB209237176D8001A8019 /* StartView.swift in Sources */ = {isa = PBXBuildFile; fileRef = 6A4AB206237176D8001A8019 /* StartView.swift */; };
		6A4AB20A237176D8001A8019 /* HowToView.swift in Sources */ = {isa = PBXBuildFile; fileRef = 6A4AB207237176D8001A8019 /* HowToView.swift */; };
		6A4AB20B237176D8001A8019 /* SettingController.swift in Sources */ = {isa = PBXBuildFile; fileRef = 6A4AB208237176D8001A8019 /* SettingController.swift */; };
		6AE7B12D237FE8D200997ACE /* YOLOv3.mlmodel in Sources */ = {isa = PBXBuildFile; fileRef = 6AE7B12C237FE8D200997ACE /* YOLOv3.mlmodel */; };
		6B00EE5623891BCC00BC8732 /* RewardData.swift in Sources */ = {isa = PBXBuildFile; fileRef = 6B00EE5523891BCC00BC8732 /* RewardData.swift */; };
		6B00EE5823891BE000BC8732 /* RewardView.swift in Sources */ = {isa = PBXBuildFile; fileRef = 6B00EE5723891BE000BC8732 /* RewardView.swift */; };
/* End PBXBuildFile section */

/* Begin PBXContainerItemProxy section */
		130262DF235B0B6600EAA314 /* PBXContainerItemProxy */ = {
			isa = PBXContainerItemProxy;
			containerPortal = 130262C0235B0B6400EAA314 /* Project object */;
			proxyType = 1;
			remoteGlobalIDString = 130262C7235B0B6400EAA314;
			remoteInfo = EnglishApp;
		};
		130262EA235B0B6600EAA314 /* PBXContainerItemProxy */ = {
			isa = PBXContainerItemProxy;
			containerPortal = 130262C0235B0B6400EAA314 /* Project object */;
			proxyType = 1;
			remoteGlobalIDString = 130262C7235B0B6400EAA314;
			remoteInfo = EnglishApp;
		};
/* End PBXContainerItemProxy section */

/* Begin PBXFileReference section */
		130262C8235B0B6400EAA314 /* EnglishApp.app */ = {isa = PBXFileReference; explicitFileType = wrapper.application; includeInIndex = 0; path = EnglishApp.app; sourceTree = BUILT_PRODUCTS_DIR; };
		130262CB235B0B6400EAA314 /* AppDelegate.swift */ = {isa = PBXFileReference; lastKnownFileType = sourcecode.swift; path = AppDelegate.swift; sourceTree = "<group>"; };
		130262CD235B0B6400EAA314 /* SceneDelegate.swift */ = {isa = PBXFileReference; lastKnownFileType = sourcecode.swift; path = SceneDelegate.swift; sourceTree = "<group>"; };
		130262D2235B0B6400EAA314 /* Base */ = {isa = PBXFileReference; lastKnownFileType = file.storyboard; name = Base; path = Base.lproj/Main.storyboard; sourceTree = "<group>"; };
		130262D4235B0B6500EAA314 /* Assets.xcassets */ = {isa = PBXFileReference; lastKnownFileType = folder.assetcatalog; path = Assets.xcassets; sourceTree = "<group>"; };
		130262D7235B0B6500EAA314 /* Base */ = {isa = PBXFileReference; lastKnownFileType = file.storyboard; name = Base; path = Base.lproj/LaunchScreen.storyboard; sourceTree = "<group>"; };
		130262D9235B0B6500EAA314 /* Info.plist */ = {isa = PBXFileReference; lastKnownFileType = text.plist.xml; path = Info.plist; sourceTree = "<group>"; };
		130262DE235B0B6600EAA314 /* EnglishAppTests.xctest */ = {isa = PBXFileReference; explicitFileType = wrapper.cfbundle; includeInIndex = 0; path = EnglishAppTests.xctest; sourceTree = BUILT_PRODUCTS_DIR; };
		130262E2235B0B6600EAA314 /* EnglishAppTests.swift */ = {isa = PBXFileReference; lastKnownFileType = sourcecode.swift; path = EnglishAppTests.swift; sourceTree = "<group>"; };
		130262E4235B0B6600EAA314 /* Info.plist */ = {isa = PBXFileReference; lastKnownFileType = text.plist.xml; path = Info.plist; sourceTree = "<group>"; };
		130262E9235B0B6600EAA314 /* EnglishAppUITests.xctest */ = {isa = PBXFileReference; explicitFileType = wrapper.cfbundle; includeInIndex = 0; path = EnglishAppUITests.xctest; sourceTree = BUILT_PRODUCTS_DIR; };
		130262ED235B0B6600EAA314 /* EnglishAppUITests.swift */ = {isa = PBXFileReference; lastKnownFileType = sourcecode.swift; path = EnglishAppUITests.swift; sourceTree = "<group>"; };
		130262EF235B0B6600EAA314 /* Info.plist */ = {isa = PBXFileReference; lastKnownFileType = text.plist.xml; path = Info.plist; sourceTree = "<group>"; };
		130492FE236B554E00DDBF6D /* QuestionView.swift */ = {isa = PBXFileReference; lastKnownFileType = sourcecode.swift; path = QuestionView.swift; sourceTree = "<group>"; };
		1313F74323697824002A72EC /* LabelUtil.swift */ = {isa = PBXFileReference; fileEncoding = 4; lastKnownFileType = sourcecode.swift; path = LabelUtil.swift; sourceTree = "<group>"; };
		1313F74423697824002A72EC /* ColorUtil.swift */ = {isa = PBXFileReference; fileEncoding = 4; lastKnownFileType = sourcecode.swift; path = ColorUtil.swift; sourceTree = "<group>"; };
		133CA1D52369477B005FCEB4 /* ApplicationController.swift */ = {isa = PBXFileReference; lastKnownFileType = sourcecode.swift; path = ApplicationController.swift; sourceTree = "<group>"; };
		133DBB9A238E477E002882A8 /* PopupView.swift */ = {isa = PBXFileReference; lastKnownFileType = sourcecode.swift; path = PopupView.swift; sourceTree = "<group>"; };
		1353E74C235C17AE006E35C4 /* ARView.swift */ = {isa = PBXFileReference; lastKnownFileType = sourcecode.swift; path = ARView.swift; sourceTree = "<group>"; };
		1361FE52237671DA008DB243 /* SettingsViewController.swift */ = {isa = PBXFileReference; fileEncoding = 4; lastKnownFileType = sourcecode.swift; path = SettingsViewController.swift; sourceTree = "<group>"; };
		13D2E8B4236BF53C00D7D387 /* ResultView.swift */ = {isa = PBXFileReference; lastKnownFileType = sourcecode.swift; path = ResultView.swift; sourceTree = "<group>"; };
		13D2E8B8236D34F100D7D387 /* QuestionData.swift */ = {isa = PBXFileReference; lastKnownFileType = sourcecode.swift; path = QuestionData.swift; sourceTree = "<group>"; };
		13D2E8BC236D59E800D7D387 /* ObjectDetectionModel.swift */ = {isa = PBXFileReference; lastKnownFileType = sourcecode.swift; path = ObjectDetectionModel.swift; sourceTree = "<group>"; };
		6A4AB206237176D8001A8019 /* StartView.swift */ = {isa = PBXFileReference; fileEncoding = 4; lastKnownFileType = sourcecode.swift; path = StartView.swift; sourceTree = "<group>"; };
		6A4AB207237176D8001A8019 /* HowToView.swift */ = {isa = PBXFileReference; fileEncoding = 4; lastKnownFileType = sourcecode.swift; path = HowToView.swift; sourceTree = "<group>"; };
		6A4AB208237176D8001A8019 /* SettingController.swift */ = {isa = PBXFileReference; fileEncoding = 4; lastKnownFileType = sourcecode.swift; path = SettingController.swift; sourceTree = "<group>"; };
		6AE7B12C237FE8D200997ACE /* YOLOv3.mlmodel */ = {isa = PBXFileReference; lastKnownFileType = file.mlmodel; name = YOLOv3.mlmodel; path = ../../Project/YOLOv3.mlmodel; sourceTree = "<group>"; };
		6B00EE5523891BCC00BC8732 /* RewardData.swift */ = {isa = PBXFileReference; fileEncoding = 4; lastKnownFileType = sourcecode.swift; path = RewardData.swift; sourceTree = "<group>"; };
		6B00EE5723891BE000BC8732 /* RewardView.swift */ = {isa = PBXFileReference; fileEncoding = 4; lastKnownFileType = sourcecode.swift; path = RewardView.swift; sourceTree = "<group>"; };
/* End PBXFileReference section */

/* Begin PBXFrameworksBuildPhase section */
		130262C5235B0B6400EAA314 /* Frameworks */ = {
			isa = PBXFrameworksBuildPhase;
			buildActionMask = 2147483647;
			files = (
			);
			runOnlyForDeploymentPostprocessing = 0;
		};
		130262DB235B0B6600EAA314 /* Frameworks */ = {
			isa = PBXFrameworksBuildPhase;
			buildActionMask = 2147483647;
			files = (
			);
			runOnlyForDeploymentPostprocessing = 0;
		};
		130262E6235B0B6600EAA314 /* Frameworks */ = {
			isa = PBXFrameworksBuildPhase;
			buildActionMask = 2147483647;
			files = (
			);
			runOnlyForDeploymentPostprocessing = 0;
		};
/* End PBXFrameworksBuildPhase section */

/* Begin PBXGroup section */
		130262BF235B0B6400EAA314 = {
			isa = PBXGroup;
			children = (
				130262CA235B0B6400EAA314 /* EnglishApp */,
				130262E1235B0B6600EAA314 /* EnglishAppTests */,
				130262EC235B0B6600EAA314 /* EnglishAppUITests */,
				130262C9235B0B6400EAA314 /* Products */,
			);
			sourceTree = "<group>";
		};
		130262C9235B0B6400EAA314 /* Products */ = {
			isa = PBXGroup;
			children = (
				130262C8235B0B6400EAA314 /* EnglishApp.app */,
				130262DE235B0B6600EAA314 /* EnglishAppTests.xctest */,
				130262E9235B0B6600EAA314 /* EnglishAppUITests.xctest */,
			);
			name = Products;
			sourceTree = "<group>";
		};
		130262CA235B0B6400EAA314 /* EnglishApp */ = {
			isa = PBXGroup;
			children = (
				6AE7B12C237FE8D200997ACE /* YOLOv3.mlmodel */,
				1313F74223697824002A72EC /* Utils */,
				130262CB235B0B6400EAA314 /* AppDelegate.swift */,
				130262CD235B0B6400EAA314 /* SceneDelegate.swift */,
				13D2E8B8236D34F100D7D387 /* QuestionData.swift */,
				6B00EE5523891BCC00BC8732 /* RewardData.swift */,
				130492F5236B08FA00DDBF6D /* Model */,
				130492F7236B091000DDBF6D /* Controller */,
				130492F6236B090400DDBF6D /* View */,
				130262D6235B0B6500EAA314 /* LaunchScreen.storyboard */,
				130262D1235B0B6400EAA314 /* Main.storyboard */,
				130262D4235B0B6500EAA314 /* Assets.xcassets */,
				130262D9235B0B6500EAA314 /* Info.plist */,
			);
			path = EnglishApp;
			sourceTree = "<group>";
		};
		130262E1235B0B6600EAA314 /* EnglishAppTests */ = {
			isa = PBXGroup;
			children = (
				130262E2235B0B6600EAA314 /* EnglishAppTests.swift */,
				130262E4235B0B6600EAA314 /* Info.plist */,
			);
			path = EnglishAppTests;
			sourceTree = "<group>";
		};
		130262EC235B0B6600EAA314 /* EnglishAppUITests */ = {
			isa = PBXGroup;
			children = (
				130262ED235B0B6600EAA314 /* EnglishAppUITests.swift */,
				130262EF235B0B6600EAA314 /* Info.plist */,
			);
			path = EnglishAppUITests;
			sourceTree = "<group>";
		};
		130492F5236B08FA00DDBF6D /* Model */ = {
			isa = PBXGroup;
			children = (
				13D2E8BC236D59E800D7D387 /* ObjectDetectionModel.swift */,
			);
			path = Model;
			sourceTree = "<group>";
			usesTabs = 0;
		};
		130492F6236B090400DDBF6D /* View */ = {
			isa = PBXGroup;
			children = (
				6A4AB206237176D8001A8019 /* StartView.swift */,
				6A4AB207237176D8001A8019 /* HowToView.swift */,
				130492FE236B554E00DDBF6D /* QuestionView.swift */,
				1353E74C235C17AE006E35C4 /* ARView.swift */,
				13D2E8B4236BF53C00D7D387 /* ResultView.swift */,
				6B00EE5723891BE000BC8732 /* RewardView.swift */,
				133DBB9A238E477E002882A8 /* PopupView.swift */,
			);
			name = View;
			path = EnglishApp/View;
			sourceTree = SOURCE_ROOT;
		};
		130492F7236B091000DDBF6D /* Controller */ = {
			isa = PBXGroup;
			children = (
				6A4AB205237176D8001A8019 /* yuiri */,
				133CA1D52369477B005FCEB4 /* ApplicationController.swift */,
			);
			path = Controller;
			sourceTree = "<group>";
		};
		1313F74223697824002A72EC /* Utils */ = {
			isa = PBXGroup;
			children = (
				1313F74323697824002A72EC /* LabelUtil.swift */,
				1313F74423697824002A72EC /* ColorUtil.swift */,
			);
			path = Utils;
			sourceTree = "<group>";
		};
		6A4AB205237176D8001A8019 /* yuiri */ = {
			isa = PBXGroup;
			children = (
				1361FE52237671DA008DB243 /* SettingsViewController.swift */,
				6A4AB208237176D8001A8019 /* SettingController.swift */,
			);
			path = yuiri;
			sourceTree = "<group>";
		};
/* End PBXGroup section */

/* Begin PBXNativeTarget section */
		130262C7235B0B6400EAA314 /* EnglishApp */ = {
			isa = PBXNativeTarget;
			buildConfigurationList = 130262F2235B0B6600EAA314 /* Build configuration list for PBXNativeTarget "EnglishApp" */;
			buildPhases = (
				130262C4235B0B6400EAA314 /* Sources */,
				130262C5235B0B6400EAA314 /* Frameworks */,
				130262C6235B0B6400EAA314 /* Resources */,
			);
			buildRules = (
			);
			dependencies = (
			);
			name = EnglishApp;
			productName = EnglishApp;
			productReference = 130262C8235B0B6400EAA314 /* EnglishApp.app */;
			productType = "com.apple.product-type.application";
		};
		130262DD235B0B6600EAA314 /* EnglishAppTests */ = {
			isa = PBXNativeTarget;
			buildConfigurationList = 130262F5235B0B6600EAA314 /* Build configuration list for PBXNativeTarget "EnglishAppTests" */;
			buildPhases = (
				130262DA235B0B6600EAA314 /* Sources */,
				130262DB235B0B6600EAA314 /* Frameworks */,
				130262DC235B0B6600EAA314 /* Resources */,
			);
			buildRules = (
			);
			dependencies = (
				130262E0235B0B6600EAA314 /* PBXTargetDependency */,
			);
			name = EnglishAppTests;
			productName = EnglishAppTests;
			productReference = 130262DE235B0B6600EAA314 /* EnglishAppTests.xctest */;
			productType = "com.apple.product-type.bundle.unit-test";
		};
		130262E8235B0B6600EAA314 /* EnglishAppUITests */ = {
			isa = PBXNativeTarget;
			buildConfigurationList = 130262F8235B0B6600EAA314 /* Build configuration list for PBXNativeTarget "EnglishAppUITests" */;
			buildPhases = (
				130262E5235B0B6600EAA314 /* Sources */,
				130262E6235B0B6600EAA314 /* Frameworks */,
				130262E7235B0B6600EAA314 /* Resources */,
			);
			buildRules = (
			);
			dependencies = (
				130262EB235B0B6600EAA314 /* PBXTargetDependency */,
			);
			name = EnglishAppUITests;
			productName = EnglishAppUITests;
			productReference = 130262E9235B0B6600EAA314 /* EnglishAppUITests.xctest */;
			productType = "com.apple.product-type.bundle.ui-testing";
		};
/* End PBXNativeTarget section */

/* Begin PBXProject section */
		130262C0235B0B6400EAA314 /* Project object */ = {
			isa = PBXProject;
			attributes = {
				LastSwiftUpdateCheck = 1110;
				LastUpgradeCheck = 1110;
				TargetAttributes = {
					130262C7235B0B6400EAA314 = {
						CreatedOnToolsVersion = 11.1;
					};
					130262DD235B0B6600EAA314 = {
						CreatedOnToolsVersion = 11.1;
						TestTargetID = 130262C7235B0B6400EAA314;
					};
					130262E8235B0B6600EAA314 = {
						CreatedOnToolsVersion = 11.1;
						TestTargetID = 130262C7235B0B6400EAA314;
					};
				};
			};
			buildConfigurationList = 130262C3235B0B6400EAA314 /* Build configuration list for PBXProject "EnglishApp" */;
			compatibilityVersion = "Xcode 9.3";
			developmentRegion = en;
			hasScannedForEncodings = 0;
			knownRegions = (
				en,
				Base,
			);
			mainGroup = 130262BF235B0B6400EAA314;
			productRefGroup = 130262C9235B0B6400EAA314 /* Products */;
			projectDirPath = "";
			projectRoot = "";
			targets = (
				130262C7235B0B6400EAA314 /* EnglishApp */,
				130262DD235B0B6600EAA314 /* EnglishAppTests */,
				130262E8235B0B6600EAA314 /* EnglishAppUITests */,
			);
		};
/* End PBXProject section */

/* Begin PBXResourcesBuildPhase section */
		130262C6235B0B6400EAA314 /* Resources */ = {
			isa = PBXResourcesBuildPhase;
			buildActionMask = 2147483647;
			files = (
				130262D8235B0B6500EAA314 /* LaunchScreen.storyboard in Resources */,
				130262D5235B0B6500EAA314 /* Assets.xcassets in Resources */,
				130262D3235B0B6400EAA314 /* Main.storyboard in Resources */,
			);
			runOnlyForDeploymentPostprocessing = 0;
		};
		130262DC235B0B6600EAA314 /* Resources */ = {
			isa = PBXResourcesBuildPhase;
			buildActionMask = 2147483647;
			files = (
			);
			runOnlyForDeploymentPostprocessing = 0;
		};
		130262E7235B0B6600EAA314 /* Resources */ = {
			isa = PBXResourcesBuildPhase;
			buildActionMask = 2147483647;
			files = (
			);
			runOnlyForDeploymentPostprocessing = 0;
		};
/* End PBXResourcesBuildPhase section */

/* Begin PBXSourcesBuildPhase section */
		130262C4235B0B6400EAA314 /* Sources */ = {
			isa = PBXSourcesBuildPhase;
			buildActionMask = 2147483647;
			files = (
				6AE7B12D237FE8D200997ACE /* YOLOv3.mlmodel in Sources */,
				1313F74623697824002A72EC /* ColorUtil.swift in Sources */,
				1313F74523697824002A72EC /* LabelUtil.swift in Sources */,
				6A4AB209237176D8001A8019 /* StartView.swift in Sources */,
				6B00EE5823891BE000BC8732 /* RewardView.swift in Sources */,
				133CA1D62369477B005FCEB4 /* ApplicationController.swift in Sources */,
				1361FE53237671DA008DB243 /* SettingsViewController.swift in Sources */,
				6A4AB20B237176D8001A8019 /* SettingController.swift in Sources */,
				6A4AB20A237176D8001A8019 /* HowToView.swift in Sources */,
				133DBB9B238E477E002882A8 /* PopupView.swift in Sources */,
				13D2E8BD236D59E800D7D387 /* ObjectDetectionModel.swift in Sources */,
				13D2E8B5236BF53C00D7D387 /* ResultView.swift in Sources */,
				6B00EE5623891BCC00BC8732 /* RewardData.swift in Sources */,
				130262CC235B0B6400EAA314 /* AppDelegate.swift in Sources */,
				130492FF236B554E00DDBF6D /* QuestionView.swift in Sources */,
				13D2E8B9236D34F100D7D387 /* QuestionData.swift in Sources */,
				130262CE235B0B6400EAA314 /* SceneDelegate.swift in Sources */,
				1353E74D235C17AE006E35C4 /* ARView.swift in Sources */,
			);
			runOnlyForDeploymentPostprocessing = 0;
		};
		130262DA235B0B6600EAA314 /* Sources */ = {
			isa = PBXSourcesBuildPhase;
			buildActionMask = 2147483647;
			files = (
				130262E3235B0B6600EAA314 /* EnglishAppTests.swift in Sources */,
			);
			runOnlyForDeploymentPostprocessing = 0;
		};
		130262E5235B0B6600EAA314 /* Sources */ = {
			isa = PBXSourcesBuildPhase;
			buildActionMask = 2147483647;
			files = (
				130262EE235B0B6600EAA314 /* EnglishAppUITests.swift in Sources */,
			);
			runOnlyForDeploymentPostprocessing = 0;
		};
/* End PBXSourcesBuildPhase section */

/* Begin PBXTargetDependency section */
		130262E0235B0B6600EAA314 /* PBXTargetDependency */ = {
			isa = PBXTargetDependency;
			target = 130262C7235B0B6400EAA314 /* EnglishApp */;
			targetProxy = 130262DF235B0B6600EAA314 /* PBXContainerItemProxy */;
		};
		130262EB235B0B6600EAA314 /* PBXTargetDependency */ = {
			isa = PBXTargetDependency;
			target = 130262C7235B0B6400EAA314 /* EnglishApp */;
			targetProxy = 130262EA235B0B6600EAA314 /* PBXContainerItemProxy */;
		};
/* End PBXTargetDependency section */

/* Begin PBXVariantGroup section */
		130262D1235B0B6400EAA314 /* Main.storyboard */ = {
			isa = PBXVariantGroup;
			children = (
				130262D2235B0B6400EAA314 /* Base */,
			);
			name = Main.storyboard;
			sourceTree = "<group>";
		};
		130262D6235B0B6500EAA314 /* LaunchScreen.storyboard */ = {
			isa = PBXVariantGroup;
			children = (
				130262D7235B0B6500EAA314 /* Base */,
			);
			name = LaunchScreen.storyboard;
			sourceTree = "<group>";
		};
/* End PBXVariantGroup section */

/* Begin XCBuildConfiguration section */
		130262F0235B0B6600EAA314 /* Debug */ = {
			isa = XCBuildConfiguration;
			buildSettings = {
				ALWAYS_SEARCH_USER_PATHS = NO;
				CLANG_ANALYZER_NONNULL = YES;
				CLANG_ANALYZER_NUMBER_OBJECT_CONVERSION = YES_AGGRESSIVE;
				CLANG_CXX_LANGUAGE_STANDARD = "gnu++14";
				CLANG_CXX_LIBRARY = "libc++";
				CLANG_ENABLE_MODULES = YES;
				CLANG_ENABLE_OBJC_ARC = YES;
				CLANG_ENABLE_OBJC_WEAK = YES;
				CLANG_WARN_BLOCK_CAPTURE_AUTORELEASING = YES;
				CLANG_WARN_BOOL_CONVERSION = YES;
				CLANG_WARN_COMMA = YES;
				CLANG_WARN_CONSTANT_CONVERSION = YES;
				CLANG_WARN_DEPRECATED_OBJC_IMPLEMENTATIONS = YES;
				CLANG_WARN_DIRECT_OBJC_ISA_USAGE = YES_ERROR;
				CLANG_WARN_DOCUMENTATION_COMMENTS = YES;
				CLANG_WARN_EMPTY_BODY = YES;
				CLANG_WARN_ENUM_CONVERSION = YES;
				CLANG_WARN_INFINITE_RECURSION = YES;
				CLANG_WARN_INT_CONVERSION = YES;
				CLANG_WARN_NON_LITERAL_NULL_CONVERSION = YES;
				CLANG_WARN_OBJC_IMPLICIT_RETAIN_SELF = YES;
				CLANG_WARN_OBJC_LITERAL_CONVERSION = YES;
				CLANG_WARN_OBJC_ROOT_CLASS = YES_ERROR;
				CLANG_WARN_RANGE_LOOP_ANALYSIS = YES;
				CLANG_WARN_STRICT_PROTOTYPES = YES;
				CLANG_WARN_SUSPICIOUS_MOVE = YES;
				CLANG_WARN_UNGUARDED_AVAILABILITY = YES_AGGRESSIVE;
				CLANG_WARN_UNREACHABLE_CODE = YES;
				CLANG_WARN__DUPLICATE_METHOD_MATCH = YES;
				COPY_PHASE_STRIP = NO;
				DEBUG_INFORMATION_FORMAT = dwarf;
				ENABLE_STRICT_OBJC_MSGSEND = YES;
				ENABLE_TESTABILITY = YES;
				GCC_C_LANGUAGE_STANDARD = gnu11;
				GCC_DYNAMIC_NO_PIC = NO;
				GCC_NO_COMMON_BLOCKS = YES;
				GCC_OPTIMIZATION_LEVEL = 0;
				GCC_PREPROCESSOR_DEFINITIONS = (
					"DEBUG=1",
					"$(inherited)",
				);
				GCC_WARN_64_TO_32_BIT_CONVERSION = YES;
				GCC_WARN_ABOUT_RETURN_TYPE = YES_ERROR;
				GCC_WARN_UNDECLARED_SELECTOR = YES;
				GCC_WARN_UNINITIALIZED_AUTOS = YES_AGGRESSIVE;
				GCC_WARN_UNUSED_FUNCTION = YES;
				GCC_WARN_UNUSED_VARIABLE = YES;
				IPHONEOS_DEPLOYMENT_TARGET = 13.1;
				MTL_ENABLE_DEBUG_INFO = INCLUDE_SOURCE;
				MTL_FAST_MATH = YES;
				ONLY_ACTIVE_ARCH = YES;
				SDKROOT = iphoneos;
				SWIFT_ACTIVE_COMPILATION_CONDITIONS = DEBUG;
				SWIFT_OPTIMIZATION_LEVEL = "-Onone";
			};
			name = Debug;
		};
		130262F1235B0B6600EAA314 /* Release */ = {
			isa = XCBuildConfiguration;
			buildSettings = {
				ALWAYS_SEARCH_USER_PATHS = NO;
				CLANG_ANALYZER_NONNULL = YES;
				CLANG_ANALYZER_NUMBER_OBJECT_CONVERSION = YES_AGGRESSIVE;
				CLANG_CXX_LANGUAGE_STANDARD = "gnu++14";
				CLANG_CXX_LIBRARY = "libc++";
				CLANG_ENABLE_MODULES = YES;
				CLANG_ENABLE_OBJC_ARC = YES;
				CLANG_ENABLE_OBJC_WEAK = YES;
				CLANG_WARN_BLOCK_CAPTURE_AUTORELEASING = YES;
				CLANG_WARN_BOOL_CONVERSION = YES;
				CLANG_WARN_COMMA = YES;
				CLANG_WARN_CONSTANT_CONVERSION = YES;
				CLANG_WARN_DEPRECATED_OBJC_IMPLEMENTATIONS = YES;
				CLANG_WARN_DIRECT_OBJC_ISA_USAGE = YES_ERROR;
				CLANG_WARN_DOCUMENTATION_COMMENTS = YES;
				CLANG_WARN_EMPTY_BODY = YES;
				CLANG_WARN_ENUM_CONVERSION = YES;
				CLANG_WARN_INFINITE_RECURSION = YES;
				CLANG_WARN_INT_CONVERSION = YES;
				CLANG_WARN_NON_LITERAL_NULL_CONVERSION = YES;
				CLANG_WARN_OBJC_IMPLICIT_RETAIN_SELF = YES;
				CLANG_WARN_OBJC_LITERAL_CONVERSION = YES;
				CLANG_WARN_OBJC_ROOT_CLASS = YES_ERROR;
				CLANG_WARN_RANGE_LOOP_ANALYSIS = YES;
				CLANG_WARN_STRICT_PROTOTYPES = YES;
				CLANG_WARN_SUSPICIOUS_MOVE = YES;
				CLANG_WARN_UNGUARDED_AVAILABILITY = YES_AGGRESSIVE;
				CLANG_WARN_UNREACHABLE_CODE = YES;
				CLANG_WARN__DUPLICATE_METHOD_MATCH = YES;
				COPY_PHASE_STRIP = NO;
				DEBUG_INFORMATION_FORMAT = "dwarf-with-dsym";
				ENABLE_NS_ASSERTIONS = NO;
				ENABLE_STRICT_OBJC_MSGSEND = YES;
				GCC_C_LANGUAGE_STANDARD = gnu11;
				GCC_NO_COMMON_BLOCKS = YES;
				GCC_WARN_64_TO_32_BIT_CONVERSION = YES;
				GCC_WARN_ABOUT_RETURN_TYPE = YES_ERROR;
				GCC_WARN_UNDECLARED_SELECTOR = YES;
				GCC_WARN_UNINITIALIZED_AUTOS = YES_AGGRESSIVE;
				GCC_WARN_UNUSED_FUNCTION = YES;
				GCC_WARN_UNUSED_VARIABLE = YES;
				IPHONEOS_DEPLOYMENT_TARGET = 13.1;
				MTL_ENABLE_DEBUG_INFO = NO;
				MTL_FAST_MATH = YES;
				SDKROOT = iphoneos;
				SWIFT_COMPILATION_MODE = wholemodule;
				SWIFT_OPTIMIZATION_LEVEL = "-O";
				VALIDATE_PRODUCT = YES;
			};
			name = Release;
		};
		130262F3235B0B6600EAA314 /* Debug */ = {
			isa = XCBuildConfiguration;
			buildSettings = {
				ASSETCATALOG_COMPILER_APPICON_NAME = AppIcon;
				CODE_SIGN_STYLE = Automatic;
				DEVELOPMENT_TEAM = "";
				INFOPLIST_FILE = EnglishApp/Info.plist;
				LD_RUNPATH_SEARCH_PATHS = (
					"$(inherited)",
					"@executable_path/Frameworks",
				);
				PRODUCT_BUNDLE_IDENTIFIER = EnglishApp;
				PRODUCT_NAME = "$(TARGET_NAME)";
				SWIFT_VERSION = 5.0;
				TARGETED_DEVICE_FAMILY = "1,2";
			};
			name = Debug;
		};
		130262F4235B0B6600EAA314 /* Release */ = {
			isa = XCBuildConfiguration;
			buildSettings = {
				ASSETCATALOG_COMPILER_APPICON_NAME = AppIcon;
				CODE_SIGN_STYLE = Manual;
				DEVELOPMENT_TEAM = "";
				INFOPLIST_FILE = EnglishApp/Info.plist;
				LD_RUNPATH_SEARCH_PATHS = (
					"$(inherited)",
					"@executable_path/Frameworks",
				);
				PRODUCT_BUNDLE_IDENTIFIER = com.EnglishApp.test;
				PRODUCT_NAME = "$(TARGET_NAME)";
				PROVISIONING_PROFILE_SPECIFIER = "";
				SWIFT_VERSION = 5.0;
				TARGETED_DEVICE_FAMILY = "1,2";
			};
			name = Release;
		};
		130262F6235B0B6600EAA314 /* Debug */ = {
			isa = XCBuildConfiguration;
			buildSettings = {
				ALWAYS_EMBED_SWIFT_STANDARD_LIBRARIES = YES;
				BUNDLE_LOADER = "$(TEST_HOST)";
				CODE_SIGN_STYLE = Automatic;
				DEVELOPMENT_TEAM = R2HRV3K259;
				INFOPLIST_FILE = EnglishAppTests/Info.plist;
				IPHONEOS_DEPLOYMENT_TARGET = 13.1;
				LD_RUNPATH_SEARCH_PATHS = (
					"$(inherited)",
					"@executable_path/Frameworks",
					"@loader_path/Frameworks",
				);
				PRODUCT_BUNDLE_IDENTIFIER = com.example.EnglishAppTests;
				PRODUCT_NAME = "$(TARGET_NAME)";
				SWIFT_VERSION = 5.0;
				TARGETED_DEVICE_FAMILY = "1,2";
				TEST_HOST = "$(BUILT_PRODUCTS_DIR)/EnglishApp.app/EnglishApp";
			};
			name = Debug;
		};
		130262F7235B0B6600EAA314 /* Release */ = {
			isa = XCBuildConfiguration;
			buildSettings = {
				ALWAYS_EMBED_SWIFT_STANDARD_LIBRARIES = YES;
				BUNDLE_LOADER = "$(TEST_HOST)";
				CODE_SIGN_STYLE = Automatic;
				DEVELOPMENT_TEAM = R2HRV3K259;
				INFOPLIST_FILE = EnglishAppTests/Info.plist;
				IPHONEOS_DEPLOYMENT_TARGET = 13.1;
				LD_RUNPATH_SEARCH_PATHS = (
					"$(inherited)",
					"@executable_path/Frameworks",
					"@loader_path/Frameworks",
				);
				PRODUCT_BUNDLE_IDENTIFIER = com.example.EnglishAppTests;
				PRODUCT_NAME = "$(TARGET_NAME)";
				SWIFT_VERSION = 5.0;
				TARGETED_DEVICE_FAMILY = "1,2";
				TEST_HOST = "$(BUILT_PRODUCTS_DIR)/EnglishApp.app/EnglishApp";
			};
			name = Release;
		};
		130262F9235B0B6600EAA314 /* Debug */ = {
			isa = XCBuildConfiguration;
			buildSettings = {
				ALWAYS_EMBED_SWIFT_STANDARD_LIBRARIES = YES;
				CODE_SIGN_STYLE = Automatic;
				DEVELOPMENT_TEAM = R2HRV3K259;
				INFOPLIST_FILE = EnglishAppUITests/Info.plist;
				LD_RUNPATH_SEARCH_PATHS = (
					"$(inherited)",
					"@executable_path/Frameworks",
					"@loader_path/Frameworks",
				);
				PRODUCT_BUNDLE_IDENTIFIER = com.example.EnglishAppUITests;
				PRODUCT_NAME = "$(TARGET_NAME)";
				SWIFT_VERSION = 5.0;
				TARGETED_DEVICE_FAMILY = "1,2";
				TEST_TARGET_NAME = EnglishApp;
			};
			name = Debug;
		};
		130262FA235B0B6600EAA314 /* Release */ = {
			isa = XCBuildConfiguration;
			buildSettings = {
				ALWAYS_EMBED_SWIFT_STANDARD_LIBRARIES = YES;
				CODE_SIGN_STYLE = Automatic;
				DEVELOPMENT_TEAM = R2HRV3K259;
				INFOPLIST_FILE = EnglishAppUITests/Info.plist;
				LD_RUNPATH_SEARCH_PATHS = (
					"$(inherited)",
					"@executable_path/Frameworks",
					"@loader_path/Frameworks",
				);
				PRODUCT_BUNDLE_IDENTIFIER = com.example.EnglishAppUITests;
				PRODUCT_NAME = "$(TARGET_NAME)";
				SWIFT_VERSION = 5.0;
				TARGETED_DEVICE_FAMILY = "1,2";
				TEST_TARGET_NAME = EnglishApp;
			};
			name = Release;
		};
/* End XCBuildConfiguration section */

/* Begin XCConfigurationList section */
		130262C3235B0B6400EAA314 /* Build configuration list for PBXProject "EnglishApp" */ = {
			isa = XCConfigurationList;
			buildConfigurations = (
				130262F0235B0B6600EAA314 /* Debug */,
				130262F1235B0B6600EAA314 /* Release */,
			);
			defaultConfigurationIsVisible = 0;
			defaultConfigurationName = Release;
		};
		130262F2235B0B6600EAA314 /* Build configuration list for PBXNativeTarget "EnglishApp" */ = {
			isa = XCConfigurationList;
			buildConfigurations = (
				130262F3235B0B6600EAA314 /* Debug */,
				130262F4235B0B6600EAA314 /* Release */,
			);
			defaultConfigurationIsVisible = 0;
			defaultConfigurationName = Release;
		};
		130262F5235B0B6600EAA314 /* Build configuration list for PBXNativeTarget "EnglishAppTests" */ = {
			isa = XCConfigurationList;
			buildConfigurations = (
				130262F6235B0B6600EAA314 /* Debug */,
				130262F7235B0B6600EAA314 /* Release */,
			);
			defaultConfigurationIsVisible = 0;
			defaultConfigurationName = Release;
		};
		130262F8235B0B6600EAA314 /* Build configuration list for PBXNativeTarget "EnglishAppUITests" */ = {
			isa = XCConfigurationList;
			buildConfigurations = (
				130262F9235B0B6600EAA314 /* Debug */,
				130262FA235B0B6600EAA314 /* Release */,
			);
			defaultConfigurationIsVisible = 0;
			defaultConfigurationName = Release;
		};
/* End XCConfigurationList section */
	};
	rootObject = 130262C0235B0B6400EAA314 /* Project object */;
}
